// !$*UTF8*$!
{
	archiveVersion = 1;
	classes = {
	};
	objectVersion = 56;
	objects = {

/* Begin PBXBuildFile section */
		C507D4482F35CCA200E701D4 /* page_util.c in Sources */ = {isa = PBXBuildFile; fileRef = C507D4472F35CCA200E701D4 /* page_util.c */; };
		C5258EEB2F304092008F9853 /* main.m in Sources */ = {isa = PBXBuildFile; fileRef = C5258EEA2F304092008F9853 /* main.m */; };
		C5258EF72F305C46008F9853 /* device.c in Sources */ = {isa = PBXBuildFile; fileRef = C5258EF62F305C46008F9853 /* device.c */; };
		C5258EFA2F305C5D008F9853 /* iwdp.c in Sources */ = {isa = PBXBuildFile; fileRef = C5258EF92F305C5D008F9853 /* iwdp.c */; };
		C5258EFD2F305EFA008F9853 /* usbmuxd_util.c in Sources */ = {isa = PBXBuildFile; fileRef = C5258EFC2F305EFA008F9853 /* usbmuxd_util.c */; };
		C5258F002F307CE4008F9853 /* message_util.c in Sources */ = {isa = PBXBuildFile; fileRef = C5258EFF2F307CE4008F9853 /* message_util.c */; };
		C5258F042F31ADD5008F9853 /* fd_util.c in Sources */ = {isa = PBXBuildFile; fileRef = C5258F032F31ADD5008F9853 /* fd_util.c */; };
		C549D88B2F3333C20095D39F /* map_util.c in Sources */ = {isa = PBXBuildFile; fileRef = C549D88A2F3333C20095D39F /* map_util.c */; };
		C549D88E2F3478760095D39F /* application_util.c in Sources */ = {isa = PBXBuildFile; fileRef = C549D88D2F3478760095D39F /* application_util.c */; };
		C549D8912F3480090095D39F /* plist_util.c in Sources */ = {isa = PBXBuildFile; fileRef = C549D8902F3480090095D39F /* plist_util.c */; };
/* End PBXBuildFile section */

/* Begin PBXCopyFilesBuildPhase section */
		C5258EE52F304092008F9853 /* CopyFiles */ = {
			isa = PBXCopyFilesBuildPhase;
			buildActionMask = 2147483647;
			dstPath = /usr/share/man/man1/;
			dstSubfolderSpec = 0;
			files = (
			);
			runOnlyForDeploymentPostprocessing = 1;
		};
/* End PBXCopyFilesBuildPhase section */

/* Begin PBXFileReference section */
		C507D4462F35CCA200E701D4 /* page_util.h */ = {isa = PBXFileReference; lastKnownFileType = sourcecode.c.h; path = page_util.h; sourceTree = "<group>"; };
		C507D4472F35CCA200E701D4 /* page_util.c */ = {isa = PBXFileReference; lastKnownFileType = sourcecode.c.c; path = page_util.c; sourceTree = "<group>"; };
		C5258EE72F304092008F9853 /* iwdp_test */ = {isa = PBXFileReference; explicitFileType = "compiled.mach-o.executable"; includeInIndex = 0; path = iwdp_test; sourceTree = BUILT_PRODUCTS_DIR; };
		C5258EEA2F304092008F9853 /* main.m */ = {isa = PBXFileReference; lastKnownFileType = sourcecode.c.objc; path = main.m; sourceTree = "<group>"; };
		C5258EF42F3043D9008F9853 /* config.xcconfig */ = {isa = PBXFileReference; lastKnownFileType = text.xcconfig; path = config.xcconfig; sourceTree = "<group>"; };
		C5258EF52F305C46008F9853 /* device.h */ = {isa = PBXFileReference; lastKnownFileType = sourcecode.c.h; path = device.h; sourceTree = "<group>"; };
		C5258EF62F305C46008F9853 /* device.c */ = {isa = PBXFileReference; lastKnownFileType = sourcecode.c.c; path = device.c; sourceTree = "<group>"; };
		C5258EF82F305C5D008F9853 /* iwdp.h */ = {isa = PBXFileReference; lastKnownFileType = sourcecode.c.h; path = iwdp.h; sourceTree = "<group>"; };
		C5258EF92F305C5D008F9853 /* iwdp.c */ = {isa = PBXFileReference; lastKnownFileType = sourcecode.c.c; path = iwdp.c; sourceTree = "<group>"; };
		C5258EFB2F305EFA008F9853 /* usbmuxd_util.h */ = {isa = PBXFileReference; lastKnownFileType = sourcecode.c.h; path = usbmuxd_util.h; sourceTree = "<group>"; };
		C5258EFC2F305EFA008F9853 /* usbmuxd_util.c */ = {isa = PBXFileReference; lastKnownFileType = sourcecode.c.c; path = usbmuxd_util.c; sourceTree = "<group>"; };
		C5258EFE2F307CE4008F9853 /* message_util.h */ = {isa = PBXFileReference; lastKnownFileType = sourcecode.c.h; path = message_util.h; sourceTree = "<group>"; };
		C5258EFF2F307CE4008F9853 /* message_util.c */ = {isa = PBXFileReference; lastKnownFileType = sourcecode.c.c; path = message_util.c; sourceTree = "<group>"; };
		C5258F012F30A6DA008F9853 /* config.h */ = {isa = PBXFileReference; lastKnownFileType = sourcecode.c.h; path = config.h; sourceTree = "<group>"; };
		C5258F022F31ADD5008F9853 /* fd_util.h */ = {isa = PBXFileReference; lastKnownFileType = sourcecode.c.h; path = fd_util.h; sourceTree = "<group>"; };
		C5258F032F31ADD5008F9853 /* fd_util.c */ = {isa = PBXFileReference; lastKnownFileType = sourcecode.c.c; path = fd_util.c; sourceTree = "<group>"; };
		C5258F052F33230F008F9853 /* Info.plist */ = {isa = PBXFileReference; lastKnownFileType = text.plist.xml; path = Info.plist; sourceTree = "<group>"; };
		C549D8892F3333C20095D39F /* map_util.h */ = {isa = PBXFileReference; lastKnownFileType = sourcecode.c.h; path = map_util.h; sourceTree = "<group>"; };
		C549D88A2F3333C20095D39F /* map_util.c */ = {isa = PBXFileReference; lastKnownFileType = sourcecode.c.c; path = map_util.c; sourceTree = "<group>"; };
		C549D88C2F3478760095D39F /* application_util.h */ = {isa = PBXFileReference; lastKnownFileType = sourcecode.c.h; path = application_util.h; sourceTree = "<group>"; };
		C549D88D2F3478760095D39F /* application_util.c */ = {isa = PBXFileReference; lastKnownFileType = sourcecode.c.c; path = application_util.c; sourceTree = "<group>"; };
		C549D88F2F3480090095D39F /* plist_util.h */ = {isa = PBXFileReference; lastKnownFileType = sourcecode.c.h; path = plist_util.h; sourceTree = "<group>"; };
		C549D8902F3480090095D39F /* plist_util.c */ = {isa = PBXFileReference; lastKnownFileType = sourcecode.c.c; path = plist_util.c; sourceTree = "<group>"; };
/* End PBXFileReference section */

/* Begin PBXFrameworksBuildPhase section */
		C5258EE42F304092008F9853 /* Frameworks */ = {
			isa = PBXFrameworksBuildPhase;
			buildActionMask = 2147483647;
			files = (
			);
			runOnlyForDeploymentPostprocessing = 0;
		};
/* End PBXFrameworksBuildPhase section */

/* Begin PBXGroup section */
		C5258EDE2F304092008F9853 = {
			isa = PBXGroup;
			children = (
				C5258EE92F304092008F9853 /* iwdp_test */,
				C5258EF42F3043D9008F9853 /* config.xcconfig */,
				C5258F052F33230F008F9853 /* Info.plist */,
				C5258EE82F304092008F9853 /* Products */,
			);
			sourceTree = "<group>";
		};
		C5258EE82F304092008F9853 /* Products */ = {
			isa = PBXGroup;
			children = (
				C5258EE72F304092008F9853 /* iwdp_test */,
			);
			name = Products;
			sourceTree = "<group>";
		};
		C5258EE92F304092008F9853 /* iwdp_test */ = {
			isa = PBXGroup;
			children = (
				C5258F012F30A6DA008F9853 /* config.h */,
				C5258EEA2F304092008F9853 /* main.m */,
				C5258EF52F305C46008F9853 /* device.h */,
				C5258EF62F305C46008F9853 /* device.c */,
				C5258EF82F305C5D008F9853 /* iwdp.h */,
				C5258EF92F305C5D008F9853 /* iwdp.c */,
				C5258EFB2F305EFA008F9853 /* usbmuxd_util.h */,
				C5258EFC2F305EFA008F9853 /* usbmuxd_util.c */,
				C5258EFE2F307CE4008F9853 /* message_util.h */,
				C5258EFF2F307CE4008F9853 /* message_util.c */,
				C5258F022F31ADD5008F9853 /* fd_util.h */,
				C5258F032F31ADD5008F9853 /* fd_util.c */,
				C549D8892F3333C20095D39F /* map_util.h */,
				C549D88A2F3333C20095D39F /* map_util.c */,
				C549D88C2F3478760095D39F /* application_util.h */,
				C549D88D2F3478760095D39F /* application_util.c */,
				C549D88F2F3480090095D39F /* plist_util.h */,
				C549D8902F3480090095D39F /* plist_util.c */,
				C507D4462F35CCA200E701D4 /* page_util.h */,
				C507D4472F35CCA200E701D4 /* page_util.c */,
			);
			path = iwdp_test;
			sourceTree = "<group>";
		};
/* End PBXGroup section */

/* Begin PBXNativeTarget section */
		C5258EE62F304092008F9853 /* iwdp_test */ = {
			isa = PBXNativeTarget;
			buildConfigurationList = C5258EEE2F304092008F9853 /* Build configuration list for PBXNativeTarget "iwdp_test" */;
			buildPhases = (
				C5258EF32F304211008F9853 /* ShellScript */,
				C5258EE32F304092008F9853 /* Sources */,
				C5258EE42F304092008F9853 /* Frameworks */,
				C5258EE52F304092008F9853 /* CopyFiles */,
			);
			buildRules = (
			);
			dependencies = (
			);
			name = iwdp_test;
			productName = iwdp_test;
			productReference = C5258EE72F304092008F9853 /* iwdp_test */;
			productType = "com.apple.product-type.tool";
		};
/* End PBXNativeTarget section */

/* Begin PBXProject section */
		C5258EDF2F304092008F9853 /* Project object */ = {
			isa = PBXProject;
			attributes = {
				BuildIndependentTargetsInParallel = 1;
				LastUpgradeCheck = 1510;
				TargetAttributes = {
					C5258EE62F304092008F9853 = {
						CreatedOnToolsVersion = 15.1;
					};
				};
			};
			buildConfigurationList = C5258EE22F304092008F9853 /* Build configuration list for PBXProject "iwdp_test" */;
			compatibilityVersion = "Xcode 14.0";
			developmentRegion = en;
			hasScannedForEncodings = 0;
			knownRegions = (
				en,
				Base,
			);
			mainGroup = C5258EDE2F304092008F9853;
			productRefGroup = C5258EE82F304092008F9853 /* Products */;
			projectDirPath = "";
			projectRoot = "";
			targets = (
				C5258EE62F304092008F9853 /* iwdp_test */,
			);
		};
/* End PBXProject section */

/* Begin PBXShellScriptBuildPhase section */
		C5258EF32F304211008F9853 /* ShellScript */ = {
			isa = PBXShellScriptBuildPhase;
			alwaysOutOfDate = 1;
			buildActionMask = 2147483647;
			files = (
			);
			inputFileListPaths = (
			);
			inputPaths = (
			);
			outputFileListPaths = (
			);
			outputPaths = (
			);
			runOnlyForDeploymentPostprocessing = 0;
			shellPath = /bin/sh;
			shellScript = "echo WORKSAPCE_PATH:${WORKSAPCE_PATH}\necho EXTERNAL_PATH:${EXTERNAL_PATH}\n\necho LIB_IMOBILEDEVICE_PATH:${LIB_IMOBILEDEVICE_PATH}\necho LIB_USBMUXD_PATH:${LIB_USBMUXD_PATH}\necho LIB_IMOBILEDEVICE_GLUE_PATH:${LIB_IMOBILEDEVICE_GLUE_PATH}\necho LIB_PLIST_PATH:${LIB_PLIST_PATH}\necho LIB_OPENSSL_PATH:${LIB_OPENSSL_PATH}\n\necho HEADER_SEARCH_PATHS:${HEADER_SEARCH_PATHS}\necho LIBRARY_SEARCH_PATHS:${LIBRARY_SEARCH_PATHS}\n";
		};
/* End PBXShellScriptBuildPhase section */

/* Begin PBXSourcesBuildPhase section */
		C5258EE32F304092008F9853 /* Sources */ = {
			isa = PBXSourcesBuildPhase;
			buildActionMask = 2147483647;
			files = (
				C549D8912F3480090095D39F /* plist_util.c in Sources */,
				C5258EFD2F305EFA008F9853 /* usbmuxd_util.c in Sources */,
				C5258F002F307CE4008F9853 /* message_util.c in Sources */,
				C5258EEB2F304092008F9853 /* main.m in Sources */,
				C5258F042F31ADD5008F9853 /* fd_util.c in Sources */,
				C549D88E2F3478760095D39F /* application_util.c in Sources */,
				C549D88B2F3333C20095D39F /* map_util.c in Sources */,
				C5258EF72F305C46008F9853 /* device.c in Sources */,
				C507D4482F35CCA200E701D4 /* page_util.c in Sources */,
				C5258EFA2F305C5D008F9853 /* iwdp.c in Sources */,
			);
			runOnlyForDeploymentPostprocessing = 0;
		};
/* End PBXSourcesBuildPhase section */

/* Begin XCBuildConfiguration section */
		C5258EEC2F304092008F9853 /* Debug */ = {
			isa = XCBuildConfiguration;
			baseConfigurationReference = C5258EF42F3043D9008F9853 /* config.xcconfig */;
			buildSettings = {
				ALWAYS_SEARCH_USER_PATHS = NO;
				ASSETCATALOG_COMPILER_GENERATE_SWIFT_ASSET_SYMBOL_EXTENSIONS = YES;
				CLANG_ANALYZER_NONNULL = YES;
				CLANG_ANALYZER_NUMBER_OBJECT_CONVERSION = YES_AGGRESSIVE;
				CLANG_CXX_LANGUAGE_STANDARD = "gnu++20";
				CLANG_ENABLE_MODULES = YES;
				CLANG_ENABLE_OBJC_ARC = YES;
				CLANG_ENABLE_OBJC_WEAK = YES;
				CLANG_WARN_BLOCK_CAPTURE_AUTORELEASING = YES;
				CLANG_WARN_BOOL_CONVERSION = YES;
				CLANG_WARN_COMMA = YES;
				CLANG_WARN_CONSTANT_CONVERSION = YES;
				CLANG_WARN_DEPRECATED_OBJC_IMPLEMENTATIONS = YES;
				CLANG_WARN_DIRECT_OBJC_ISA_USAGE = YES_ERROR;
				CLANG_WARN_DOCUMENTATION_COMMENTS = YES;
				CLANG_WARN_EMPTY_BODY = YES;
				CLANG_WARN_ENUM_CONVERSION = YES;
				CLANG_WARN_INFINITE_RECURSION = YES;
				CLANG_WARN_INT_CONVERSION = YES;
				CLANG_WARN_NON_LITERAL_NULL_CONVERSION = YES;
				CLANG_WARN_OBJC_IMPLICIT_RETAIN_SELF = YES;
				CLANG_WARN_OBJC_LITERAL_CONVERSION = YES;
				CLANG_WARN_OBJC_ROOT_CLASS = YES_ERROR;
				CLANG_WARN_QUOTED_INCLUDE_IN_FRAMEWORK_HEADER = YES;
				CLANG_WARN_RANGE_LOOP_ANALYSIS = YES;
				CLANG_WARN_STRICT_PROTOTYPES = YES;
				CLANG_WARN_SUSPICIOUS_MOVE = YES;
				CLANG_WARN_UNGUARDED_AVAILABILITY = YES_AGGRESSIVE;
				CLANG_WARN_UNREACHABLE_CODE = YES;
				CLANG_WARN__DUPLICATE_METHOD_MATCH = YES;
				COPY_PHASE_STRIP = NO;
				DEBUG_INFORMATION_FORMAT = dwarf;
				ENABLE_STRICT_OBJC_MSGSEND = YES;
				ENABLE_TESTABILITY = YES;
				ENABLE_USER_SCRIPT_SANDBOXING = YES;
				GCC_C_LANGUAGE_STANDARD = gnu17;
				GCC_DYNAMIC_NO_PIC = NO;
				GCC_NO_COMMON_BLOCKS = YES;
				GCC_OPTIMIZATION_LEVEL = 0;
				GCC_PREPROCESSOR_DEFINITIONS = (
					"DEBUG=1",
					"$(inherited)",
				);
				GCC_WARN_64_TO_32_BIT_CONVERSION = YES;
				GCC_WARN_ABOUT_RETURN_TYPE = YES_ERROR;
				GCC_WARN_UNDECLARED_SELECTOR = YES;
				GCC_WARN_UNINITIALIZED_AUTOS = YES_AGGRESSIVE;
				GCC_WARN_UNUSED_FUNCTION = YES;
				GCC_WARN_UNUSED_VARIABLE = YES;
				LOCALIZATION_PREFERS_STRING_CATALOGS = YES;
				MACOSX_DEPLOYMENT_TARGET = 13.6;
				MTL_ENABLE_DEBUG_INFO = INCLUDE_SOURCE;
				MTL_FAST_MATH = YES;
				ONLY_ACTIVE_ARCH = YES;
				SDKROOT = macosx;
			};
			name = Debug;
		};
		C5258EED2F304092008F9853 /* Release */ = {
			isa = XCBuildConfiguration;
			baseConfigurationReference = C5258EF42F3043D9008F9853 /* config.xcconfig */;
			buildSettings = {
				ALWAYS_SEARCH_USER_PATHS = NO;
				ASSETCATALOG_COMPILER_GENERATE_SWIFT_ASSET_SYMBOL_EXTENSIONS = YES;
				CLANG_ANALYZER_NONNULL = YES;
				CLANG_ANALYZER_NUMBER_OBJECT_CONVERSION = YES_AGGRESSIVE;
				CLANG_CXX_LANGUAGE_STANDARD = "gnu++20";
				CLANG_ENABLE_MODULES = YES;
				CLANG_ENABLE_OBJC_ARC = YES;
				CLANG_ENABLE_OBJC_WEAK = YES;
				CLANG_WARN_BLOCK_CAPTURE_AUTORELEASING = YES;
				CLANG_WARN_BOOL_CONVERSION = YES;
				CLANG_WARN_COMMA = YES;
				CLANG_WARN_CONSTANT_CONVERSION = YES;
				CLANG_WARN_DEPRECATED_OBJC_IMPLEMENTATIONS = YES;
				CLANG_WARN_DIRECT_OBJC_ISA_USAGE = YES_ERROR;
				CLANG_WARN_DOCUMENTATION_COMMENTS = YES;
				CLANG_WARN_EMPTY_BODY = YES;
				CLANG_WARN_ENUM_CONVERSION = YES;
				CLANG_WARN_INFINITE_RECURSION = YES;
				CLANG_WARN_INT_CONVERSION = YES;
				CLANG_WARN_NON_LITERAL_NULL_CONVERSION = YES;
				CLANG_WARN_OBJC_IMPLICIT_RETAIN_SELF = YES;
				CLANG_WARN_OBJC_LITERAL_CONVERSION = YES;
				CLANG_WARN_OBJC_ROOT_CLASS = YES_ERROR;
				CLANG_WARN_QUOTED_INCLUDE_IN_FRAMEWORK_HEADER = YES;
				CLANG_WARN_RANGE_LOOP_ANALYSIS = YES;
				CLANG_WARN_STRICT_PROTOTYPES = YES;
				CLANG_WARN_SUSPICIOUS_MOVE = YES;
				CLANG_WARN_UNGUARDED_AVAILABILITY = YES_AGGRESSIVE;
				CLANG_WARN_UNREACHABLE_CODE = YES;
				CLANG_WARN__DUPLICATE_METHOD_MATCH = YES;
				COPY_PHASE_STRIP = NO;
				DEBUG_INFORMATION_FORMAT = "dwarf-with-dsym";
				ENABLE_NS_ASSERTIONS = NO;
				ENABLE_STRICT_OBJC_MSGSEND = YES;
				ENABLE_USER_SCRIPT_SANDBOXING = YES;
				GCC_C_LANGUAGE_STANDARD = gnu17;
				GCC_NO_COMMON_BLOCKS = YES;
				GCC_WARN_64_TO_32_BIT_CONVERSION = YES;
				GCC_WARN_ABOUT_RETURN_TYPE = YES_ERROR;
				GCC_WARN_UNDECLARED_SELECTOR = YES;
				GCC_WARN_UNINITIALIZED_AUTOS = YES_AGGRESSIVE;
				GCC_WARN_UNUSED_FUNCTION = YES;
				GCC_WARN_UNUSED_VARIABLE = YES;
				LOCALIZATION_PREFERS_STRING_CATALOGS = YES;
				MACOSX_DEPLOYMENT_TARGET = 13.6;
				MTL_ENABLE_DEBUG_INFO = NO;
				MTL_FAST_MATH = YES;
				SDKROOT = macosx;
			};
			name = Release;
		};
		C5258EEF2F304092008F9853 /* Debug */ = {
			isa = XCBuildConfiguration;
			baseConfigurationReference = C5258EF42F3043D9008F9853 /* config.xcconfig */;
			buildSettings = {
				CODE_SIGN_STYLE = Automatic;
				DEVELOPMENT_ASSET_PATHS = "";
				DEVELOPMENT_TEAM = WBDU8VNREF;
				ENABLE_HARDENED_RUNTIME = YES;
				INFOPLIST_FILE = "$(SRCROOT)/Info.plist";
				MACOSX_DEPLOYMENT_TARGET = 13.5;
				MARKETING_VERSION = 1.0;
				PRODUCT_BUNDLE_IDENTIFIER = com.bird.iwdp;
				PRODUCT_NAME = "$(TARGET_NAME)";
				SUPPORTED_PLATFORMS = "iphoneos iphonesimulator macosx";
				TARGETED_DEVICE_FAMILY = 1;
			};
			name = Debug;
		};
		C5258EF02F304092008F9853 /* Release */ = {
			isa = XCBuildConfiguration;
			baseConfigurationReference = C5258EF42F3043D9008F9853 /* config.xcconfig */;
			buildSettings = {
				CODE_SIGN_STYLE = Automatic;
				DEVELOPMENT_ASSET_PATHS = "";
				DEVELOPMENT_TEAM = WBDU8VNREF;
				ENABLE_HARDENED_RUNTIME = YES;
				INFOPLIST_FILE = "$(SRCROOT)/Info.plist";
				MACOSX_DEPLOYMENT_TARGET = 13.5;
				MARKETING_VERSION = 1.0;
				PRODUCT_BUNDLE_IDENTIFIER = com.bird.iwdp;
				PRODUCT_NAME = "$(TARGET_NAME)";
				SUPPORTED_PLATFORMS = "iphoneos iphonesimulator macosx";
				TARGETED_DEVICE_FAMILY = 1;
			};
			name = Release;
		};
/* End XCBuildConfiguration section */

/* Begin XCConfigurationList section */
		C5258EE22F304092008F9853 /* Build configuration list for PBXProject "iwdp_test" */ = {
			isa = XCConfigurationList;
			buildConfigurations = (
				C5258EEC2F304092008F9853 /* Debug */,
				C5258EED2F304092008F9853 /* Release */,
			);
			defaultConfigurationIsVisible = 0;
			defaultConfigurationName = Release;
		};
		C5258EEE2F304092008F9853 /* Build configuration list for PBXNativeTarget "iwdp_test" */ = {
			isa = XCConfigurationList;
			buildConfigurations = (
				C5258EEF2F304092008F9853 /* Debug */,
				C5258EF02F304092008F9853 /* Release */,
			);
			defaultConfigurationIsVisible = 0;
			defaultConfigurationName = Release;
		};
/* End XCConfigurationList section */
	};
	rootObject = C5258EDF2F304092008F9853 /* Project object */;
}
